
Microsoft Visual Studio Solution File, Format Version 12.00
# Visual Studio Version 16
VisualStudioVersion = 16.0.32802.440
MinimumVisualStudioVersion = 10.0.40219.1
Project("{FAE04EC0-301F-11D3-BF4B-00C04F79EFBC}") = "WindowsFormsApp5", "WindowsFormsApp5\WindowsFormsApp5.csproj", "{8C6ADEA2-FB63-4B23-9913-E7E938270887}"
EndProject
Global
	GlobalSection(SolutionConfigurationPlatforms) = preSolution
		Debug|Any CPU = Debug|Any CPU
		Release|Any CPU = Release|Any CPU
	EndGlobalSection
	GlobalSection(ProjectConfigurationPlatforms) = postSolution
		{8C6ADEA2-FB63-4B23-9913-E7E938270887}.Debug|Any CPU.ActiveCfg = Debug|Any CPU
		{8C6ADEA2-FB63-4B23-9913-E7E938270887}.Debug|Any CPU.Build.0 = Debug|Any CPU
		{8C6ADEA2-FB63-4B23-9913-E7E938270887}.Release|Any CPU.ActiveCfg = Release|Any CPU
		{8C6ADEA2-FB63-4B23-9913-E7E938270887}.Release|Any CPU.Build.0 = Release|Any CPU
	EndGlobalSection
	GlobalSection(SolutionProperties) = preSolution
		HideSolutionNode = FALSE
	EndGlobalSection
	GlobalSection(ExtensibilityGlobals) = postSolution
		SolutionGuid = {8BD96164-9DB2-40D1-9514-63B4790A0FBE}
	EndGlobalSection
EndGlobal
